# This file is automatically @generated by Poetry 1.5.1 and should not be changed by hand.

[[package]]
name = "aicspylibczi"
version = "3.1.2"
description = "A python module and a python extension for Zeiss (CZI/ZISRAW) microscopy files."
optional = false
python-versions = "*"
files = [
    {file = "aicspylibczi-3.1.2-cp310-cp310-macosx_10_9_universal2.whl", hash = "sha256:39ab6d2fb7cfc4bc9bd65aa8a1fbd04d14c451619b5b56be55666d66ab93df17"},
    {file = "aicspylibczi-3.1.2-cp310-cp310-macosx_10_9_x86_64.whl", hash = "sha256:498e4936cc08de78916cbcd5cbf043b6cf42da6371b4449781419af738ad5b88"},
    {file = "aicspylibczi-3.1.2-cp310-cp310-macosx_11_0_arm64.whl", hash = "sha256:e53e3fb305c783a4ffe44fe2bf3f390bfe24b0f944f6d345171159b41d178f11"},
    {file = "aicspylibczi-3.1.2-cp310-cp310-manylinux_2_17_x86_64.manylinux2014_x86_64.whl", hash = "sha256:28df036ac02b66769273764231928e3134f61261942393205dda73479f272e8e"},
    {file = "aicspylibczi-3.1.2-cp310-cp310-win_amd64.whl", hash = "sha256:9b72bb6c6dde1dfffa1d76c4976182a511a8dc95dd5a22b10fc5c0d6d2ce579f"},
    {file = "aicspylibczi-3.1.2-cp311-cp311-macosx_10_9_universal2.whl", hash = "sha256:f36343dcf7f5417144c37782f34a4b74fc60a212277c22639fe34f468fd0dcb7"},
    {file = "aicspylibczi-3.1.2-cp311-cp311-macosx_10_9_x86_64.whl", hash = "sha256:c76fe294b734d379e0448fc0c0ab55cc6b979f41e2f9841ad98d064b15be7a1d"},
    {file = "aicspylibczi-3.1.2-cp311-cp311-macosx_11_0_arm64.whl", hash = "sha256:2f763308dbfc120e0ae9ea7b4faa18a4fb699a6b14013c657e82c99c88a0fe37"},
    {file = "aicspylibczi-3.1.2-cp311-cp311-manylinux_2_17_x86_64.manylinux2014_x86_64.whl", hash = "sha256:2c6d494aa4f5eb42e9d9c95a590725758ec99591dcb6859c7a1952847f6b60fc"},
    {file = "aicspylibczi-3.1.2-cp311-cp311-win_amd64.whl", hash = "sha256:434cbe451f57eabd5095857e6a2bdbd90ff8c8d19eeace74e4d018b38eb7f51f"},
    {file = "aicspylibczi-3.1.2-cp37-cp37m-macosx_10_9_x86_64.whl", hash = "sha256:faf01cae5b440e494cc0c8f955736ba8485c9a69bedbf6146d86102016aea9fc"},
    {file = "aicspylibczi-3.1.2-cp37-cp37m-manylinux_2_17_x86_64.manylinux2014_x86_64.whl", hash = "sha256:6f75b52ae10a12ef827c49c9e15ddfff54c19800138a4347cfce9ceba2deac61"},
    {file = "aicspylibczi-3.1.2-cp37-cp37m-win_amd64.whl", hash = "sha256:070c9acaf1220a5f17c0d1f5acee0fdbf2e78463315afbbe702cbf061f626631"},
    {file = "aicspylibczi-3.1.2-cp38-cp38-macosx_10_9_universal2.whl", hash = "sha256:fc81e519f331409ab27eccf009b1d4f0797cb8064c368e2eb298ff67d4afa4c2"},
    {file = "aicspylibczi-3.1.2-cp38-cp38-macosx_10_9_x86_64.whl", hash = "sha256:c29f896c81df8c974107397771ab2ecd198fc6f11b942653ca3f301a08aafcb2"},
    {file = "aicspylibczi-3.1.2-cp38-cp38-macosx_11_0_arm64.whl", hash = "sha256:002313c4adb9278122c1fa6a0f285405236c69c550bcf6f655f32c5bdf523907"},
    {file = "aicspylibczi-3.1.2-cp38-cp38-manylinux_2_17_x86_64.manylinux2014_x86_64.whl", hash = "sha256:7a26f02d56f06202dfaaead70add2d960f0f77c3641acedee4bee79dfbea5dac"},
    {file = "aicspylibczi-3.1.2-cp38-cp38-win_amd64.whl", hash = "sha256:cdf57b1ab4b9219e488f44917f28d4b3ff5b974daedd4dc65c989145b1a7fe8f"},
    {file = "aicspylibczi-3.1.2-cp39-cp39-macosx_10_9_universal2.whl", hash = "sha256:d0488df7f14c10c5723ba54bc7eafb1537cc3b98334f915b64738d62d49d8941"},
    {file = "aicspylibczi-3.1.2-cp39-cp39-macosx_10_9_x86_64.whl", hash = "sha256:8784c24389d55bb158bd953e061c2c3166edafeccca752e3974bdd49cc9ed46a"},
    {file = "aicspylibczi-3.1.2-cp39-cp39-macosx_11_0_arm64.whl", hash = "sha256:172e451a8b7fd90393bb7d1fb0a15d916696a8e1736eefdb7866dfe21ebce422"},
    {file = "aicspylibczi-3.1.2-cp39-cp39-manylinux_2_17_x86_64.manylinux2014_x86_64.whl", hash = "sha256:9e1da7a2e5947de4e56d85ff92772aac639c5a5ffdb6fb72c0bb1859665efb0a"},
    {file = "aicspylibczi-3.1.2-cp39-cp39-win_amd64.whl", hash = "sha256:9cc7e43a2ba79a259afa17b4cf7854063fc6b54b403f7d6e5f494889a12472f1"},
    {file = "aicspylibczi-3.1.2.tar.gz", hash = "sha256:d903caaac5576922f8dd4b1170fae3421fb9d203128b4d8ecb11681173e7046c"},
]

[package.dependencies]
numpy = ">=1.14.1"

[package.extras]
all = ["Sphinx", "altair", "breathe", "bump2version (>=1.0.1)", "cmake", "coverage (>=5.0a4)", "flake8", "flake8 (>=3.7.7)", "ipython (>=7.5.0)", "jupyterlab", "m2r2 (>=0.2.7)", "matplotlib", "numpy (>=1.14.1)", "pillow", "pytest", "pytest (>=4.3.0)", "pytest-cov", "pytest-cov (==2.6.1)", "pytest-raises", "pytest-raises (>=0.10)", "pytest-runner", "pytest-runner (>=4.4)", "pytest-xdist", "sphinx-rtd-theme (>=0.1.2)", "tox (>=3.5.2)", "twine (>=1.13.0)", "wheel (>=0.33.1)"]
dev = ["Sphinx", "breathe", "bump2version (>=1.0.1)", "cmake", "coverage (>=5.0a4)", "flake8 (>=3.7.7)", "ipython (>=7.5.0)", "m2r2 (>=0.2.7)", "pytest (>=4.3.0)", "pytest-cov (==2.6.1)", "pytest-raises (>=0.10)", "pytest-runner (>=4.4)", "sphinx-rtd-theme (>=0.1.2)", "tox (>=3.5.2)", "twine (>=1.13.0)", "wheel (>=0.33.1)"]
interactive = ["altair", "jupyterlab", "matplotlib", "pillow"]
setup = ["pytest-runner"]
test = ["flake8", "pytest", "pytest-cov", "pytest-raises", "pytest-xdist"]

[[package]]
name = "numpy"
version = "1.25.2"
description = "Fundamental package for array computing in Python"
optional = false
python-versions = ">=3.9"
files = [
    {file = "numpy-1.25.2-cp310-cp310-macosx_10_9_x86_64.whl", hash = "sha256:db3ccc4e37a6873045580d413fe79b68e47a681af8db2e046f1dacfa11f86eb3"},
    {file = "numpy-1.25.2-cp310-cp310-macosx_11_0_arm64.whl", hash = "sha256:90319e4f002795ccfc9050110bbbaa16c944b1c37c0baeea43c5fb881693ae1f"},
    {file = "numpy-1.25.2-cp310-cp310-manylinux_2_17_aarch64.manylinux2014_aarch64.whl", hash = "sha256:dfe4a913e29b418d096e696ddd422d8a5d13ffba4ea91f9f60440a3b759b0187"},
    {file = "numpy-1.25.2-cp310-cp310-manylinux_2_17_x86_64.manylinux2014_x86_64.whl", hash = "sha256:f08f2e037bba04e707eebf4bc934f1972a315c883a9e0ebfa8a7756eabf9e357"},
    {file = "numpy-1.25.2-cp310-cp310-musllinux_1_1_x86_64.whl", hash = "sha256:bec1e7213c7cb00d67093247f8c4db156fd03075f49876957dca4711306d39c9"},
    {file = "numpy-1.25.2-cp310-cp310-win32.whl", hash = "sha256:7dc869c0c75988e1c693d0e2d5b26034644399dd929bc049db55395b1379e044"},
    {file = "numpy-1.25.2-cp310-cp310-win_amd64.whl", hash = "sha256:834b386f2b8210dca38c71a6e0f4fd6922f7d3fcff935dbe3a570945acb1b545"},
    {file = "numpy-1.25.2-cp311-cp311-macosx_10_9_x86_64.whl", hash = "sha256:c5462d19336db4560041517dbb7759c21d181a67cb01b36ca109b2ae37d32418"},
    {file = "numpy-1.25.2-cp311-cp311-macosx_11_0_arm64.whl", hash = "sha256:c5652ea24d33585ea39eb6a6a15dac87a1206a692719ff45d53c5282e66d4a8f"},
    {file = "numpy-1.25.2-cp311-cp311-manylinux_2_17_aarch64.manylinux2014_aarch64.whl", hash = "sha256:0d60fbae8e0019865fc4784745814cff1c421df5afee233db6d88ab4f14655a2"},
    {file = "numpy-1.25.2-cp311-cp311-manylinux_2_17_x86_64.manylinux2014_x86_64.whl", hash = "sha256:60e7f0f7f6d0eee8364b9a6304c2845b9c491ac706048c7e8cf47b83123b8dbf"},
    {file = "numpy-1.25.2-cp311-cp311-musllinux_1_1_x86_64.whl", hash = "sha256:bb33d5a1cf360304754913a350edda36d5b8c5331a8237268c48f91253c3a364"},
    {file = "numpy-1.25.2-cp311-cp311-win32.whl", hash = "sha256:5883c06bb92f2e6c8181df7b39971a5fb436288db58b5a1c3967702d4278691d"},
    {file = "numpy-1.25.2-cp311-cp311-win_amd64.whl", hash = "sha256:5c97325a0ba6f9d041feb9390924614b60b99209a71a69c876f71052521d42a4"},
    {file = "numpy-1.25.2-cp39-cp39-macosx_10_9_x86_64.whl", hash = "sha256:b79e513d7aac42ae918db3ad1341a015488530d0bb2a6abcbdd10a3a829ccfd3"},
    {file = "numpy-1.25.2-cp39-cp39-macosx_11_0_arm64.whl", hash = "sha256:eb942bfb6f84df5ce05dbf4b46673ffed0d3da59f13635ea9b926af3deb76926"},
    {file = "numpy-1.25.2-cp39-cp39-manylinux_2_17_aarch64.manylinux2014_aarch64.whl", hash = "sha256:3e0746410e73384e70d286f93abf2520035250aad8c5714240b0492a7302fdca"},
    {file = "numpy-1.25.2-cp39-cp39-manylinux_2_17_x86_64.manylinux2014_x86_64.whl", hash = "sha256:d7806500e4f5bdd04095e849265e55de20d8cc4b661b038957354327f6d9b295"},
    {file = "numpy-1.25.2-cp39-cp39-musllinux_1_1_x86_64.whl", hash = "sha256:8b77775f4b7df768967a7c8b3567e309f617dd5e99aeb886fa14dc1a0791141f"},
    {file = "numpy-1.25.2-cp39-cp39-win32.whl", hash = "sha256:2792d23d62ec51e50ce4d4b7d73de8f67a2fd3ea710dcbc8563a51a03fb07b01"},
    {file = "numpy-1.25.2-cp39-cp39-win_amd64.whl", hash = "sha256:76b4115d42a7dfc5d485d358728cdd8719be33cc5ec6ec08632a5d6fca2ed380"},
    {file = "numpy-1.25.2-pp39-pypy39_pp73-macosx_10_9_x86_64.whl", hash = "sha256:1a1329e26f46230bf77b02cc19e900db9b52f398d6722ca853349a782d4cff55"},
    {file = "numpy-1.25.2-pp39-pypy39_pp73-manylinux_2_17_x86_64.manylinux2014_x86_64.whl", hash = "sha256:4c3abc71e8b6edba80a01a52e66d83c5d14433cbcd26a40c329ec7ed09f37901"},
    {file = "numpy-1.25.2-pp39-pypy39_pp73-win_amd64.whl", hash = "sha256:1b9735c27cea5d995496f46a8b1cd7b408b3f34b6d50459d9ac8fe3a20cc17bf"},
    {file = "numpy-1.25.2.tar.gz", hash = "sha256:fd608e19c8d7c55021dffd43bfe5492fab8cc105cc8986f813f8c3c048b38760"},
]

[[package]]
name = "opencv-python-headless"
version = "4.8.0.76"
description = "Wrapper package for OpenCV python bindings."
optional = false
python-versions = ">=3.6"
files = [
    {file = "opencv-python-headless-4.8.0.76.tar.gz", hash = "sha256:bc15726187dae26d8a08777faf6bc71d38f20c785c102677f58ba0e935003afb"},
    {file = "opencv_python_headless-4.8.0.76-cp37-abi3-macosx_10_16_x86_64.whl", hash = "sha256:f85d2e3b9d952db35d31f9db8882d073c903921b72b8db1cfed8bbc75e8d3e63"},
    {file = "opencv_python_headless-4.8.0.76-cp37-abi3-macosx_11_0_arm64.whl", hash = "sha256:8ee3bf1c9086493c340c6a87899f1c7778d729de92bce8560b8c31ab8a9cdf79"},
    {file = "opencv_python_headless-4.8.0.76-cp37-abi3-manylinux_2_17_aarch64.manylinux2014_aarch64.whl", hash = "sha256:c675b8dec6298ba6a1eec2ce24077a393b4236a043f68dfacb06bf594354ce06"},
    {file = "opencv_python_headless-4.8.0.76-cp37-abi3-manylinux_2_17_x86_64.manylinux2014_x86_64.whl", hash = "sha256:220d2e292fa45ef0582aab730460bbc15cfe61f2089208167a372ccf76f01e21"},
    {file = "opencv_python_headless-4.8.0.76-cp37-abi3-win32.whl", hash = "sha256:df0608de207ae9b094ad9eaf1a475cf6e9a069fb12cd289d4a18cefdab2f8aa8"},
    {file = "opencv_python_headless-4.8.0.76-cp37-abi3-win_amd64.whl", hash = "sha256:9c094faf6ec7bd360244647b26ebdf8f54edec1d9292cb9179fff9badcca7be8"},
]

[package.dependencies]
numpy = [
    {version = ">=1.21.0", markers = "python_version <= \"3.9\" and platform_system == \"Darwin\" and platform_machine == \"arm64\""},
    {version = ">=1.21.2", markers = "python_version >= \"3.10\""},
    {version = ">=1.21.4", markers = "python_version >= \"3.10\" and platform_system == \"Darwin\""},
    {version = ">=1.23.5", markers = "python_version >= \"3.11\""},
    {version = ">=1.19.3", markers = "python_version >= \"3.6\" and platform_system == \"Linux\" and platform_machine == \"aarch64\" or python_version >= \"3.9\""},
    {version = ">=1.17.0", markers = "python_version >= \"3.7\""},
    {version = ">=1.17.3", markers = "python_version >= \"3.8\""},
]

[[package]]
name = "pint"
version = "0.22"
description = "Physical quantities module"
optional = false
python-versions = ">=3.9"
files = [
    {file = "Pint-0.22-py3-none-any.whl", hash = "sha256:6e2b3c5c2b4d9b516608bc860a417a39d66eb99c958f36540cf931d2c2e9f80f"},
    {file = "Pint-0.22.tar.gz", hash = "sha256:2d139f6abbcf3016cad7d3cec05707fe908ac4f99cf59aedfd6ee667b7a64433"},
]

[package.dependencies]
typing-extensions = "*"

[package.extras]
babel = ["babel (<=2.8)"]
dask = ["dask"]
mip = ["mip (>=1.13)"]
numpy = ["numpy (>=1.19.5)"]
pandas = ["pint-pandas (>=0.3)"]
test = ["pytest", "pytest-cov", "pytest-mpl", "pytest-subtests"]
uncertainties = ["uncertainties (>=3.1.6)"]
xarray = ["xarray"]

[[package]]
name = "typing-extensions"
version = "4.7.1"
description = "Backported and Experimental Type Hints for Python 3.7+"
optional = false
python-versions = ">=3.7"
files = [
    {file = "typing_extensions-4.7.1-py3-none-any.whl", hash = "sha256:440d5dd3af93b060174bf433bccd69b0babc3b15b1a8dca43789fd7f61514b36"},
    {file = "typing_extensions-4.7.1.tar.gz", hash = "sha256:b75ddc264f0ba5615db7ba217daeb99701ad295353c45f9e95963337ceeeffb2"},
]

[metadata]
lock-version = "2.0"
python-versions = ">=3.9"
content-hash = "500288248e40ad03bd812bebbb30dee2f82f31a49cc4006e25359bbd44cc5c06"
