# This file is automatically @generated by Poetry 1.8.3 and should not be changed by hand.

[[package]]
name = "aicspylibczi"
version = "3.2.0"
description = "A python module and a python extension for Zeiss (CZI/ZISRAW) microscopy files."
optional = false
python-versions = "*"
files = [
    {file = "aicspylibczi-3.2.0-cp310-cp310-macosx_10_9_universal2.whl", hash = "sha256:91dca2ae9fd4d0c65475db975d2f9b5de8836db8fa19fca97327df438b05be48"},
    {file = "aicspylibczi-3.2.0-cp310-cp310-macosx_10_9_x86_64.whl", hash = "sha256:66398f4a06a5db34b243954450fc78e19ebd28c555b40b9fff374e48d23a9203"},
    {file = "aicspylibczi-3.2.0-cp310-cp310-macosx_11_0_arm64.whl", hash = "sha256:254ee717c4593601905b5c19504c8ba0f76779a30ca4e0d6a0a80fc6dc0e66d3"},
    {file = "aicspylibczi-3.2.0-cp310-cp310-manylinux_2_17_x86_64.manylinux2014_x86_64.whl", hash = "sha256:ec24e29b9f0a4cc71206df80333142e4f7f3f9d7263ec38b284a09a140dfe003"},
    {file = "aicspylibczi-3.2.0-cp310-cp310-win_amd64.whl", hash = "sha256:7db1914ed9694ef36099f15170d6a0201f748d9a38fcada77b318ad23a75fbfc"},
    {file = "aicspylibczi-3.2.0-cp311-cp311-macosx_10_9_universal2.whl", hash = "sha256:0467e382e65c11c23f34e618f9b53ccf14ae334c4076b4dcc2cc5f5a20b3e36e"},
    {file = "aicspylibczi-3.2.0-cp311-cp311-macosx_10_9_x86_64.whl", hash = "sha256:2f5f2107e2521e6de5a835ce2b8cd513f1ddd956fb34119f752b456104b7ef11"},
    {file = "aicspylibczi-3.2.0-cp311-cp311-macosx_11_0_arm64.whl", hash = "sha256:fedb33b6ad81927e0507375447e468745cc54743f02ae35904eb6954cd3d5840"},
    {file = "aicspylibczi-3.2.0-cp311-cp311-manylinux_2_17_x86_64.manylinux2014_x86_64.whl", hash = "sha256:f113123d72519960d9b3c3829c4bc3cbd23ce1d3398319fc85fbbda80cc837a0"},
    {file = "aicspylibczi-3.2.0-cp311-cp311-win_amd64.whl", hash = "sha256:b37a59c1b1916ecbc0a15e7d9d5ee94ff2a02cd24e451cfd387111eb1aec2d33"},
    {file = "aicspylibczi-3.2.0-cp312-cp312-macosx_10_9_universal2.whl", hash = "sha256:e358f20c23ec9d4ffbd1390683136de9311ff262d150589303a6ceb249d8b3e2"},
    {file = "aicspylibczi-3.2.0-cp312-cp312-macosx_10_9_x86_64.whl", hash = "sha256:8d028a387e89a2e6a0c1df9dda7de23cc451e0ecbdf98b5ad42d85b5c7b45bc1"},
    {file = "aicspylibczi-3.2.0-cp312-cp312-macosx_11_0_arm64.whl", hash = "sha256:507a0edd6b0fb16267bafc8c9863414801c456d62b59a0f5f587f502f66ee819"},
    {file = "aicspylibczi-3.2.0-cp312-cp312-manylinux_2_17_x86_64.manylinux2014_x86_64.whl", hash = "sha256:1790d44943459b2386b7274665524e8702dd2011f41dd85655fa89db0b9f8acf"},
    {file = "aicspylibczi-3.2.0-cp312-cp312-win_amd64.whl", hash = "sha256:1af91377db16b394086b63b0ab1d334f7be283148153728ac81ccf4974d83743"},
    {file = "aicspylibczi-3.2.0-cp38-cp38-macosx_10_9_universal2.whl", hash = "sha256:40de9b350bd85b665a01dea606fc72202db877c259ea419ed10c3f1e0700e90e"},
    {file = "aicspylibczi-3.2.0-cp38-cp38-macosx_10_9_x86_64.whl", hash = "sha256:cee1c4b89b7c9644c5db8f08929659e07bf1b53129a9a3928e4ec72c858da4e8"},
    {file = "aicspylibczi-3.2.0-cp38-cp38-macosx_11_0_arm64.whl", hash = "sha256:570a76050443ecc36fc2fcca8ad16ca509daec2e9e2983aeb702a794c8710602"},
    {file = "aicspylibczi-3.2.0-cp38-cp38-manylinux_2_17_x86_64.manylinux2014_x86_64.whl", hash = "sha256:045828c5c1d3b78d6a7e6115f9d500f2ea1b2661687ed28b97e9f58a3d5e8c71"},
    {file = "aicspylibczi-3.2.0-cp38-cp38-win_amd64.whl", hash = "sha256:e67e993a2b2f09f2a3bed073df744cddfd34382a3e144fa96840d071c5ef3eb7"},
    {file = "aicspylibczi-3.2.0-cp39-cp39-macosx_10_9_universal2.whl", hash = "sha256:ceff17903820ba4bf5c212de526813e6c6c5fa24054f2f8ef3cc5807619c79e5"},
    {file = "aicspylibczi-3.2.0-cp39-cp39-macosx_10_9_x86_64.whl", hash = "sha256:a60e4413d27904eb9717024e5ba20a6e4aee2fa603e6d26530ded5fec11e77ab"},
    {file = "aicspylibczi-3.2.0-cp39-cp39-macosx_11_0_arm64.whl", hash = "sha256:514b5094354cd2bb6257d2794eee5256ae73dcb7e08cab277be6fabdd1e5663f"},
    {file = "aicspylibczi-3.2.0-cp39-cp39-manylinux_2_17_x86_64.manylinux2014_x86_64.whl", hash = "sha256:4ba081e470003ea613d592db06063f849665de5d24e4bf3c42b310d74ee2bdf6"},
    {file = "aicspylibczi-3.2.0-cp39-cp39-win_amd64.whl", hash = "sha256:2532719560a0e031747dd9e3991ba9e134169ec8df7b91fc354773f150295494"},
    {file = "aicspylibczi-3.2.0.tar.gz", hash = "sha256:435d1544421cacc05838aa31afaade85da0972bd3638bfe008fae6e023248ad0"},
]

[package.dependencies]
numpy = ">=1.14.1"

[package.extras]
all = ["Sphinx", "altair", "breathe", "bump2version (>=1.0.1)", "cmake", "coverage (>=5.0a4)", "flake8", "flake8 (>=3.7.7)", "ipython (>=7.5.0)", "jupyterlab", "m2r2 (>=0.2.7)", "matplotlib", "numpy (>=1.14.1)", "pillow", "pytest", "pytest (>=4.3.0)", "pytest-cov", "pytest-cov (==2.6.1)", "pytest-raises", "pytest-raises (>=0.10)", "pytest-runner", "pytest-runner (>=4.4)", "sphinx-rtd-theme (>=0.1.2)", "tox (>=3.5.2)", "twine (>=1.13.0)", "wheel (>=0.33.1)"]
dev = ["Sphinx", "breathe", "bump2version (>=1.0.1)", "cmake", "coverage (>=5.0a4)", "flake8 (>=3.7.7)", "ipython (>=7.5.0)", "m2r2 (>=0.2.7)", "pytest (>=4.3.0)", "pytest-cov (==2.6.1)", "pytest-raises (>=0.10)", "pytest-runner (>=4.4)", "sphinx-rtd-theme (>=0.1.2)", "tox (>=3.5.2)", "twine (>=1.13.0)", "wheel (>=0.33.1)"]
interactive = ["altair", "jupyterlab", "matplotlib", "pillow"]
setup = ["pytest-runner"]
test = ["flake8", "pytest", "pytest-cov", "pytest-raises"]

[[package]]
name = "appdirs"
version = "1.4.4"
description = "A small Python module for determining appropriate platform-specific dirs, e.g. a \"user data dir\"."
optional = false
python-versions = "*"
files = [
    {file = "appdirs-1.4.4-py2.py3-none-any.whl", hash = "sha256:a841dacd6b99318a741b166adb07e19ee71a274450e68237b4650ca1055ab128"},
    {file = "appdirs-1.4.4.tar.gz", hash = "sha256:7d5d0167b2b1ba821647616af46a749d1c653740dd0d2415100fe26e27afdf41"},
]

[[package]]
name = "flexcache"
version = "0.3"
description = "Saves and loads to the cache a transformed versions of a source object."
optional = false
python-versions = ">=3.9"
files = [
    {file = "flexcache-0.3-py3-none-any.whl", hash = "sha256:d43c9fea82336af6e0115e308d9d33a185390b8346a017564611f1466dcd2e32"},
    {file = "flexcache-0.3.tar.gz", hash = "sha256:18743bd5a0621bfe2cf8d519e4c3bfdf57a269c15d1ced3fb4b64e0ff4600656"},
]

[package.dependencies]
typing-extensions = "*"

[package.extras]
test = ["pytest", "pytest-cov", "pytest-mpl", "pytest-subtests"]

[[package]]
name = "flexparser"
version = "0.3.1"
description = "Parsing made fun ... using typing."
optional = false
python-versions = ">=3.9"
files = [
    {file = "flexparser-0.3.1-py3-none-any.whl", hash = "sha256:2e3e2936bec1f9277f777ef77297522087d96adb09624d4fe4240fd56885c013"},
    {file = "flexparser-0.3.1.tar.gz", hash = "sha256:36f795d82e50f5c9ae2fde1c33f21f88922fdd67b7629550a3cc4d0b40a66856"},
]

[package.dependencies]
typing-extensions = "*"

[package.extras]
test = ["pytest", "pytest-cov", "pytest-mpl", "pytest-subtests"]

[[package]]
name = "numpy"
version = "1.26.4"
description = "Fundamental package for array computing in Python"
optional = false
python-versions = ">=3.9"
files = [
    {file = "numpy-1.26.4-cp310-cp310-macosx_10_9_x86_64.whl", hash = "sha256:9ff0f4f29c51e2803569d7a51c2304de5554655a60c5d776e35b4a41413830d0"},
    {file = "numpy-1.26.4-cp310-cp310-macosx_11_0_arm64.whl", hash = "sha256:2e4ee3380d6de9c9ec04745830fd9e2eccb3e6cf790d39d7b98ffd19b0dd754a"},
    {file = "numpy-1.26.4-cp310-cp310-manylinux_2_17_aarch64.manylinux2014_aarch64.whl", hash = "sha256:d209d8969599b27ad20994c8e41936ee0964e6da07478d6c35016bc386b66ad4"},
    {file = "numpy-1.26.4-cp310-cp310-manylinux_2_17_x86_64.manylinux2014_x86_64.whl", hash = "sha256:ffa75af20b44f8dba823498024771d5ac50620e6915abac414251bd971b4529f"},
    {file = "numpy-1.26.4-cp310-cp310-musllinux_1_1_aarch64.whl", hash = "sha256:62b8e4b1e28009ef2846b4c7852046736bab361f7aeadeb6a5b89ebec3c7055a"},
    {file = "numpy-1.26.4-cp310-cp310-musllinux_1_1_x86_64.whl", hash = "sha256:a4abb4f9001ad2858e7ac189089c42178fcce737e4169dc61321660f1a96c7d2"},
    {file = "numpy-1.26.4-cp310-cp310-win32.whl", hash = "sha256:bfe25acf8b437eb2a8b2d49d443800a5f18508cd811fea3181723922a8a82b07"},
    {file = "numpy-1.26.4-cp310-cp310-win_amd64.whl", hash = "sha256:b97fe8060236edf3662adfc2c633f56a08ae30560c56310562cb4f95500022d5"},
    {file = "numpy-1.26.4-cp311-cp311-macosx_10_9_x86_64.whl", hash = "sha256:4c66707fabe114439db9068ee468c26bbdf909cac0fb58686a42a24de1760c71"},
    {file = "numpy-1.26.4-cp311-cp311-macosx_11_0_arm64.whl", hash = "sha256:edd8b5fe47dab091176d21bb6de568acdd906d1887a4584a15a9a96a1dca06ef"},
    {file = "numpy-1.26.4-cp311-cp311-manylinux_2_17_aarch64.manylinux2014_aarch64.whl", hash = "sha256:7ab55401287bfec946ced39700c053796e7cc0e3acbef09993a9ad2adba6ca6e"},
    {file = "numpy-1.26.4-cp311-cp311-manylinux_2_17_x86_64.manylinux2014_x86_64.whl", hash = "sha256:666dbfb6ec68962c033a450943ded891bed2d54e6755e35e5835d63f4f6931d5"},
    {file = "numpy-1.26.4-cp311-cp311-musllinux_1_1_aarch64.whl", hash = "sha256:96ff0b2ad353d8f990b63294c8986f1ec3cb19d749234014f4e7eb0112ceba5a"},
    {file = "numpy-1.26.4-cp311-cp311-musllinux_1_1_x86_64.whl", hash = "sha256:60dedbb91afcbfdc9bc0b1f3f402804070deed7392c23eb7a7f07fa857868e8a"},
    {file = "numpy-1.26.4-cp311-cp311-win32.whl", hash = "sha256:1af303d6b2210eb850fcf03064d364652b7120803a0b872f5211f5234b399f20"},
    {file = "numpy-1.26.4-cp311-cp311-win_amd64.whl", hash = "sha256:cd25bcecc4974d09257ffcd1f098ee778f7834c3ad767fe5db785be9a4aa9cb2"},
    {file = "numpy-1.26.4-cp312-cp312-macosx_10_9_x86_64.whl", hash = "sha256:b3ce300f3644fb06443ee2222c2201dd3a89ea6040541412b8fa189341847218"},
    {file = "numpy-1.26.4-cp312-cp312-macosx_11_0_arm64.whl", hash = "sha256:03a8c78d01d9781b28a6989f6fa1bb2c4f2d51201cf99d3dd875df6fbd96b23b"},
    {file = "numpy-1.26.4-cp312-cp312-manylinux_2_17_aarch64.manylinux2014_aarch64.whl", hash = "sha256:9fad7dcb1aac3c7f0584a5a8133e3a43eeb2fe127f47e3632d43d677c66c102b"},
    {file = "numpy-1.26.4-cp312-cp312-manylinux_2_17_x86_64.manylinux2014_x86_64.whl", hash = "sha256:675d61ffbfa78604709862923189bad94014bef562cc35cf61d3a07bba02a7ed"},
    {file = "numpy-1.26.4-cp312-cp312-musllinux_1_1_aarch64.whl", hash = "sha256:ab47dbe5cc8210f55aa58e4805fe224dac469cde56b9f731a4c098b91917159a"},
    {file = "numpy-1.26.4-cp312-cp312-musllinux_1_1_x86_64.whl", hash = "sha256:1dda2e7b4ec9dd512f84935c5f126c8bd8b9f2fc001e9f54af255e8c5f16b0e0"},
    {file = "numpy-1.26.4-cp312-cp312-win32.whl", hash = "sha256:50193e430acfc1346175fcbdaa28ffec49947a06918b7b92130744e81e640110"},
    {file = "numpy-1.26.4-cp312-cp312-win_amd64.whl", hash = "sha256:08beddf13648eb95f8d867350f6a018a4be2e5ad54c8d8caed89ebca558b2818"},
    {file = "numpy-1.26.4-cp39-cp39-macosx_10_9_x86_64.whl", hash = "sha256:7349ab0fa0c429c82442a27a9673fc802ffdb7c7775fad780226cb234965e53c"},
    {file = "numpy-1.26.4-cp39-cp39-macosx_11_0_arm64.whl", hash = "sha256:52b8b60467cd7dd1e9ed082188b4e6bb35aa5cdd01777621a1658910745b90be"},
    {file = "numpy-1.26.4-cp39-cp39-manylinux_2_17_aarch64.manylinux2014_aarch64.whl", hash = "sha256:d5241e0a80d808d70546c697135da2c613f30e28251ff8307eb72ba696945764"},
    {file = "numpy-1.26.4-cp39-cp39-manylinux_2_17_x86_64.manylinux2014_x86_64.whl", hash = "sha256:f870204a840a60da0b12273ef34f7051e98c3b5961b61b0c2c1be6dfd64fbcd3"},
    {file = "numpy-1.26.4-cp39-cp39-musllinux_1_1_aarch64.whl", hash = "sha256:679b0076f67ecc0138fd2ede3a8fd196dddc2ad3254069bcb9faf9a79b1cebcd"},
    {file = "numpy-1.26.4-cp39-cp39-musllinux_1_1_x86_64.whl", hash = "sha256:47711010ad8555514b434df65f7d7b076bb8261df1ca9bb78f53d3b2db02e95c"},
    {file = "numpy-1.26.4-cp39-cp39-win32.whl", hash = "sha256:a354325ee03388678242a4d7ebcd08b5c727033fcff3b2f536aea978e15ee9e6"},
    {file = "numpy-1.26.4-cp39-cp39-win_amd64.whl", hash = "sha256:3373d5d70a5fe74a2c1bb6d2cfd9609ecf686d47a2d7b1d37a8f3b6bf6003aea"},
    {file = "numpy-1.26.4-pp39-pypy39_pp73-macosx_10_9_x86_64.whl", hash = "sha256:afedb719a9dcfc7eaf2287b839d8198e06dcd4cb5d276a3df279231138e83d30"},
    {file = "numpy-1.26.4-pp39-pypy39_pp73-manylinux_2_17_x86_64.manylinux2014_x86_64.whl", hash = "sha256:95a7476c59002f2f6c590b9b7b998306fba6a5aa646b1e22ddfeaf8f78c3a29c"},
    {file = "numpy-1.26.4-pp39-pypy39_pp73-win_amd64.whl", hash = "sha256:7e50d0a0cc3189f9cb0aeb3a6a6af18c16f59f004b866cd2be1c14b36134a4a0"},
    {file = "numpy-1.26.4.tar.gz", hash = "sha256:2a02aba9ed12e4ac4eb3ea9421c420301a0c6460d9830d74a9df87efa4912010"},
]

[[package]]
name = "opencv-python-headless"
version = "4.10.0.84"
description = "Wrapper package for OpenCV python bindings."
optional = false
python-versions = ">=3.6"
files = [
    {file = "opencv-python-headless-4.10.0.84.tar.gz", hash = "sha256:f2017c6101d7c2ef8d7bc3b414c37ff7f54d64413a1847d89970b6b7069b4e1a"},
    {file = "opencv_python_headless-4.10.0.84-cp37-abi3-macosx_11_0_arm64.whl", hash = "sha256:a4f4bcb07d8f8a7704d9c8564c224c8b064c63f430e95b61ac0bffaa374d330e"},
    {file = "opencv_python_headless-4.10.0.84-cp37-abi3-macosx_12_0_x86_64.whl", hash = "sha256:5ae454ebac0eb0a0b932e3406370aaf4212e6a3fdb5038cc86c7aea15a6851da"},
    {file = "opencv_python_headless-4.10.0.84-cp37-abi3-manylinux_2_17_aarch64.manylinux2014_aarch64.whl", hash = "sha256:46071015ff9ab40fccd8a163da0ee14ce9846349f06c6c8c0f2870856ffa45db"},
    {file = "opencv_python_headless-4.10.0.84-cp37-abi3-manylinux_2_17_x86_64.manylinux2014_x86_64.whl", hash = "sha256:377d08a7e48a1405b5e84afcbe4798464ce7ee17081c1c23619c8b398ff18295"},
    {file = "opencv_python_headless-4.10.0.84-cp37-abi3-win32.whl", hash = "sha256:9092404b65458ed87ce932f613ffbb1106ed2c843577501e5768912360fc50ec"},
    {file = "opencv_python_headless-4.10.0.84-cp37-abi3-win_amd64.whl", hash = "sha256:afcf28bd1209dd58810d33defb622b325d3cbe49dcd7a43a902982c33e5fad05"},
]

[package.dependencies]
numpy = [
    {version = ">=1.21.0", markers = "python_version == \"3.9\" and platform_system == \"Darwin\" and platform_machine == \"arm64\""},
    {version = ">=1.26.0", markers = "python_version >= \"3.12\""},
    {version = ">=1.23.5", markers = "python_version >= \"3.11\" and python_version < \"3.12\""},
    {version = ">=1.21.4", markers = "python_version >= \"3.10\" and platform_system == \"Darwin\" and python_version < \"3.11\""},
    {version = ">=1.21.2", markers = "platform_system != \"Darwin\" and python_version >= \"3.10\" and python_version < \"3.11\""},
    {version = ">=1.19.3", markers = "platform_system == \"Linux\" and platform_machine == \"aarch64\" and python_version >= \"3.8\" and python_version < \"3.10\" or python_version > \"3.9\" and python_version < \"3.10\" or python_version >= \"3.9\" and platform_system != \"Darwin\" and python_version < \"3.10\" or python_version >= \"3.9\" and platform_machine != \"arm64\" and python_version < \"3.10\""},
]

[[package]]
name = "pint"
version = "0.24.3"
description = "Physical quantities module"
optional = false
python-versions = ">=3.9"
files = [
    {file = "Pint-0.24.3-py3-none-any.whl", hash = "sha256:d98667e46fd03a1b94694fbfa104ec30858684d8ab26952e2a348b48059089bb"},
    {file = "pint-0.24.3.tar.gz", hash = "sha256:d54771093e8b94c4e0a35ac638c2444ddf3ef685652bab7675ffecfa0c5c5cdf"},
]

[package.dependencies]
appdirs = ">=1.4.4"
flexcache = ">=0.3"
flexparser = ">=0.3"
typing-extensions = "*"

[package.extras]
babel = ["babel (<=2.8)"]
bench = ["pytest", "pytest-codspeed"]
dask = ["dask"]
mip = ["mip (>=1.13)"]
numpy = ["numpy (>=1.23)"]
pandas = ["pint-pandas (>=0.3)"]
test = ["pytest", "pytest-benchmark", "pytest-cov", "pytest-mpl", "pytest-subtests"]
testbase = ["pytest", "pytest-benchmark", "pytest-cov", "pytest-subtests"]
uncertainties = ["uncertainties (>=3.1.6)"]
xarray = ["xarray"]

[[package]]
name = "typing-extensions"
version = "4.12.2"
description = "Backported and Experimental Type Hints for Python 3.8+"
optional = false
python-versions = ">=3.8"
files = [
    {file = "typing_extensions-4.12.2-py3-none-any.whl", hash = "sha256:04e5ca0351e0f3f85c6853954072df659d0d13fac324d0072316b67d7794700d"},
    {file = "typing_extensions-4.12.2.tar.gz", hash = "sha256:1a7ead55c7e559dd4dee8856e3a88b41225abfe1ce8df57b7c13915fe121ffb8"},
]

[metadata]
lock-version = "2.0"
python-versions = ">=3.9"
content-hash = "04aa49c659126789d4470fb7cc9f7f82ee19957dca312e4bed631b83672182ff"
